%{
  "elixir_make": {:hex, :elixir_make, "0.6.2", "7dffacd77dec4c37b39af867cedaabb0b59f6a871f89722c25b28fcd4bd70530", [:mix], [], "hexpm", "03e49eadda22526a7e5279d53321d1cced6552f344ba4e03e619063de75348d9"},
  "picam": {:hex, :picam, "0.4.1", "a2d0d980cf8a18a0123477ac0c12ca11e6f060904d642d1d0672e8a43251576f", [:make, :mix], [{:elixir_make, "~> 0.5", [hex: :elixir_make, repo: "hexpm", optional: false]}], "hexpm", "2b99fd77152d409617951f5dea6b13c54d5220516531f9a762a937ef7316bba0"},
}
